{
  "name": "uniapp",
  "version": "1.0.0",
  "lockfileVersion": 1,
  "requires": true,
  "dependencies": {
    "jweixin-module": {
      "version": "1.6.0",
      "resolved": "https://registry.npm.taobao.org/jweixin-module/download/jweixin-module-1.6.0.tgz",
      "integrity": "sha1-Sn6mFAg+PJw/SeL9wruILPpY380="
    },
    "weixin-js-sdk": {
      "version": "1.4.0-test",
      "resolved": "https://registry.npm.taobao.org/weixin-js-sdk/download/weixin-js-sdk-1.4.0-test.tgz",
      "integrity": "sha1-YSu6/Ml62E9a/m3IRwFTTMWfw8o="
    }
  }
}
