{
  "name": "test",
  "version": "1.0.0",
  "lockfileVersion": 1,
  "requires": true,
  "dependencies": {
    "uview-ui": {
      "version": "1.2.8",
      "resolved": "https://registry.npm.taobao.org/uview-ui/download/uview-ui-1.2.8.tgz",
      "integrity": "sha1-z55D289YRF9cKtsW3vprteLxbwY="
    }
  }
}
